
Microsoft Visual Studio Solution File, Format Version 12.00
# Visual Studio Version 16
VisualStudioVersion = 16.0.31729.503
MinimumVisualStudioVersion = 10.0.40219.1
Project("{FAE04EC0-301F-11D3-BF4B-00C04F79EFBC}") = "TestProject1", "TestProject1.csproj", "{2EA60BB7-1F44-40D8-BCEB-D06D046A0C10}"
EndProject
Global
	GlobalSection(SolutionConfigurationPlatforms) = preSolution
		Debug|Any CPU = Debug|Any CPU
		Release|Any CPU = Release|Any CPU
	EndGlobalSection
	GlobalSection(ProjectConfigurationPlatforms) = postSolution
		{2EA60BB7-1F44-40D8-BCEB-D06D046A0C10}.Debug|Any CPU.ActiveCfg = Debug|Any CPU
		{2EA60BB7-1F44-40D8-BCEB-D06D046A0C10}.Debug|Any CPU.Build.0 = Debug|Any CPU
		{2EA60BB7-1F44-40D8-BCEB-D06D046A0C10}.Release|Any CPU.ActiveCfg = Release|Any CPU
		{2EA60BB7-1F44-40D8-BCEB-D06D046A0C10}.Release|Any CPU.Build.0 = Release|Any CPU
	EndGlobalSection
	GlobalSection(SolutionProperties) = preSolution
		HideSolutionNode = FALSE
	EndGlobalSection
	GlobalSection(ExtensibilityGlobals) = postSolution
		SolutionGuid = {44916748-55E3-47EC-9EB1-F47A8B00FAB7}
	EndGlobalSection
EndGlobal
